
Microsoft Visual Studio Solution File, Format Version 12.00
# Visual Studio Version 17
VisualStudioVersion = 17.8.34322.80
MinimumVisualStudioVersion = 10.0.40219.1
Project("{FAE04EC0-301F-11D3-BF4B-00C04F79EFBC}") = "PaymentAPI", "PaymentAPI\PaymentAPI.csproj", "{83D72841-4B4B-4938-9702-C3556D47440C}"
EndProject
Global
	GlobalSection(SolutionConfigurationPlatforms) = preSolution
		Debug|Any CPU = Debug|Any CPU
		Release|Any CPU = Release|Any CPU
	EndGlobalSection
	GlobalSection(ProjectConfigurationPlatforms) = postSolution
		{83D72841-4B4B-4938-9702-C3556D47440C}.Debug|Any CPU.ActiveCfg = Debug|Any CPU
		{83D72841-4B4B-4938-9702-C3556D47440C}.Debug|Any CPU.Build.0 = Debug|Any CPU
		{83D72841-4B4B-4938-9702-C3556D47440C}.Release|Any CPU.ActiveCfg = Release|Any CPU
		{83D72841-4B4B-4938-9702-C3556D47440C}.Release|Any CPU.Build.0 = Release|Any CPU
	EndGlobalSection
	GlobalSection(SolutionProperties) = preSolution
		HideSolutionNode = FALSE
	EndGlobalSection
	GlobalSection(ExtensibilityGlobals) = postSolution
		SolutionGuid = {A04FCE0B-94F0-402B-93E0-7801C0605BA3}
	EndGlobalSection
EndGlobal
